
Microsoft Visual Studio Solution File, Format Version 12.00
# Visual Studio Version 16
VisualStudioVersion = 16.0.29503.13
MinimumVisualStudioVersion = 10.0.40219.1
Project("{FAE04EC0-301F-11D3-BF4B-00C04F79EFBC}") = "FluentValidationExample", "FluentValidationExample.csproj", "{800CBEB5-C572-4DFB-BD69-00AFE0B6EA80}"
EndProject
Global
	GlobalSection(SolutionConfigurationPlatforms) = preSolution
		Debug|Any CPU = Debug|Any CPU
		Release|Any CPU = Release|Any CPU
	EndGlobalSection
	GlobalSection(ProjectConfigurationPlatforms) = postSolution
		{800CBEB5-C572-4DFB-BD69-00AFE0B6EA80}.Debug|Any CPU.ActiveCfg = Debug|Any CPU
		{800CBEB5-C572-4DFB-BD69-00AFE0B6EA80}.Debug|Any CPU.Build.0 = Debug|Any CPU
		{800CBEB5-C572-4DFB-BD69-00AFE0B6EA80}.Release|Any CPU.ActiveCfg = Release|Any CPU
		{800CBEB5-C572-4DFB-BD69-00AFE0B6EA80}.Release|Any CPU.Build.0 = Release|Any CPU
	EndGlobalSection
	GlobalSection(SolutionProperties) = preSolution
		HideSolutionNode = FALSE
	EndGlobalSection
	GlobalSection(ExtensibilityGlobals) = postSolution
		SolutionGuid = {DE2B425F-9F32-44A4-872B-FC0D17296D64}
	EndGlobalSection
EndGlobal
